
Microsoft Visual Studio Solution File, Format Version 12.00
# Visual Studio Version 16
VisualStudioVersion = 16.0.30320.27
MinimumVisualStudioVersion = 10.0.40219.1
Project("{FAE04EC0-301F-11D3-BF4B-00C04F79EFBC}") = "Calculator_Burmeister", "Calculator_Burmeister.csproj", "{51BE05C6-CDE7-4C0C-A044-06343F70383E}"
EndProject
Global
	GlobalSection(SolutionConfigurationPlatforms) = preSolution
		Debug|Any CPU = Debug|Any CPU
		Release|Any CPU = Release|Any CPU
	EndGlobalSection
	GlobalSection(ProjectConfigurationPlatforms) = postSolution
		{51BE05C6-CDE7-4C0C-A044-06343F70383E}.Debug|Any CPU.ActiveCfg = Debug|Any CPU
		{51BE05C6-CDE7-4C0C-A044-06343F70383E}.Debug|Any CPU.Build.0 = Debug|Any CPU
		{51BE05C6-CDE7-4C0C-A044-06343F70383E}.Release|Any CPU.ActiveCfg = Release|Any CPU
		{51BE05C6-CDE7-4C0C-A044-06343F70383E}.Release|Any CPU.Build.0 = Release|Any CPU
	EndGlobalSection
	GlobalSection(SolutionProperties) = preSolution
		HideSolutionNode = FALSE
	EndGlobalSection
	GlobalSection(ExtensibilityGlobals) = postSolution
		SolutionGuid = {AE76ADB0-49FC-4CD1-A628-6D3B2BC26DC2}
	EndGlobalSection
EndGlobal
